
Microsoft Visual Studio Solution File, Format Version 12.00
# Visual Studio Version 17
VisualStudioVersion = 17.0.31903.59
MinimumVisualStudioVersion = 10.0.40219.1
Project("{FAE04EC0-301F-11D3-BF4B-00C04F79EFBC}") = "Sillar.Shared", "Sillar.Shared\Sillar.Shared.csproj", "{49BA947B-D0F6-4165-A46E-5A820B90D176}"
EndProject
Project("{FAE04EC0-301F-11D3-BF4B-00C04F79EFBC}") = "Sillar.Core.Contracts", "Sillar.Core.Contracts\Sillar.Core.Contracts.csproj", "{C5A663AF-27DD-4080-AD3E-9613219194E0}"
EndProject
Project("{FAE04EC0-301F-11D3-BF4B-00C04F79EFBC}") = "Sillar.Core", "Sillar.Core\Sillar.Core.csproj", "{7F72DADF-2D79-4FEF-84F1-0C1299DD1D09}"
EndProject
Project("{FAE04EC0-301F-11D3-BF4B-00C04F79EFBC}") = "Sillar.Api", "Sillar.Api\Sillar.Api.csproj", "{10A8E45E-A1FB-4A3C-A0AB-03BE8904DBEC}"
EndProject
Project("{FAE04EC0-301F-11D3-BF4B-00C04F79EFBC}") = "Sillar.Shared.Tests", "Sillar.Shared.Tests\Sillar.Shared.Tests.csproj", "{05F78AE6-BA92-4C44-8138-4F758B1A4928}"
EndProject
Project("{FAE04EC0-301F-11D3-BF4B-00C04F79EFBC}") = "Sillar.Core.Tests", "Sillar.Core.Tests\Sillar.Core.Tests.csproj", "{1819A1A4-E12F-4791-97E2-C748908C2AE6}"
EndProject
Project("{FAE04EC0-301F-11D3-BF4B-00C04F79EFBC}") = "Sillar.Modules.Demo", "Sillar.Modules.Demo\Sillar.Modules.Demo.csproj", "{08E03F4D-6E4F-49E8-AE37-F042671822D8}"
EndProject
Project("{FAE04EC0-301F-11D3-BF4B-00C04F79EFBC}") = "Sillar.Modules.Catalog", "Sillar.Modules.Catalog\Sillar.Modules.Catalog.csproj", "{4A67166A-546C-4A7B-8C42-16094D69B49A}"
EndProject
Project("{FAE04EC0-301F-11D3-BF4B-00C04F79EFBC}") = "Sillar.Modules.Catalog.Contracts", "Sillar.Modules.Catalog.Contracts\Sillar.Modules.Catalog.Contracts.csproj", "{EDB7FB92-50D1-4A5D-B339-5CB41502B52C}"
EndProject
Project("{FAE04EC0-301F-11D3-BF4B-00C04F79EFBC}") = "Sillar.Modules.Catalog.Tests", "Sillar.Modules.Catalog.Tests\Sillar.Modules.Catalog.Tests.csproj", "{A5C25619-7763-49D7-A699-7DF49CCCF8EF}"
EndProject
Project("{FAE04EC0-301F-11D3-BF4B-00C04F79EFBC}") = "Sillar.Modules.Cms.Contracts", "Sillar.Modules.Cms.Contracts\Sillar.Modules.Cms.Contracts.csproj", "{B7E05147-398E-4E7D-AE57-CE6E9F4187F6}"
EndProject
Project("{FAE04EC0-301F-11D3-BF4B-00C04F79EFBC}") = "Sillar.Modules.Cms", "Sillar.Modules.Cms\Sillar.Modules.Cms.csproj", "{A34F2284-4DFA-43BA-A2EC-0CF4C188DC7B}"
EndProject
Project("{FAE04EC0-301F-11D3-BF4B-00C04F79EFBC}") = "Sillar.Modules.Cms.Tests", "Sillar.Modules.Cms.Tests\Sillar.Modules.Cms.Tests.csproj", "{F427826F-7DC7-470B-BD4B-1A9EB18B0B87}"
EndProject
Project("{FAE04EC0-301F-11D3-BF4B-00C04F79EFBC}") = "Sillar.Modules.Crm", "Sillar.Modules.Crm\Sillar.Modules.Crm.csproj", "{01133496-6166-4BF5-95D8-48790C7F0812}"
EndProject
Project("{FAE04EC0-301F-11D3-BF4B-00C04F79EFBC}") = "Sillar.Modules.Crm.Tests", "Sillar.Modules.Crm.Tests\Sillar.Modules.Crm.Tests.csproj", "{ADC1642C-A3C9-46FE-B0CD-9325A50BA9EB}"
EndProject
Project("{FAE04EC0-301F-11D3-BF4B-00C04F79EFBC}") = "Sillar.Modules.Crm.Contracts", "Sillar.Modules.Crm.Contracts\Sillar.Modules.Crm.Contracts.csproj", "{2034F72C-E6A0-4BE9-8301-8273CA713248}"
EndProject
Global
	GlobalSection(SolutionConfigurationPlatforms) = preSolution
		Debug|Any CPU = Debug|Any CPU
		Debug|x64 = Debug|x64
		Debug|x86 = Debug|x86
		Release|Any CPU = Release|Any CPU
		Release|x64 = Release|x64
		Release|x86 = Release|x86
	EndGlobalSection
	GlobalSection(ProjectConfigurationPlatforms) = postSolution
		{49BA947B-D0F6-4165-A46E-5A820B90D176}.Debug|Any CPU.ActiveCfg = Debug|Any CPU
		{49BA947B-D0F6-4165-A46E-5A820B90D176}.Debug|Any CPU.Build.0 = Debug|Any CPU
		{49BA947B-D0F6-4165-A46E-5A820B90D176}.Debug|x64.ActiveCfg = Debug|Any CPU
		{49BA947B-D0F6-4165-A46E-5A820B90D176}.Debug|x64.Build.0 = Debug|Any CPU
		{49BA947B-D0F6-4165-A46E-5A820B90D176}.Debug|x86.ActiveCfg = Debug|Any CPU
		{49BA947B-D0F6-4165-A46E-5A820B90D176}.Debug|x86.Build.0 = Debug|Any CPU
		{49BA947B-D0F6-4165-A46E-5A820B90D176}.Release|Any CPU.ActiveCfg = Release|Any CPU
		{49BA947B-D0F6-4165-A46E-5A820B90D176}.Release|Any CPU.Build.0 = Release|Any CPU
		{49BA947B-D0F6-4165-A46E-5A820B90D176}.Release|x64.ActiveCfg = Release|Any CPU
		{49BA947B-D0F6-4165-A46E-5A820B90D176}.Release|x64.Build.0 = Release|Any CPU
		{49BA947B-D0F6-4165-A46E-5A820B90D176}.Release|x86.ActiveCfg = Release|Any CPU
		{49BA947B-D0F6-4165-A46E-5A820B90D176}.Release|x86.Build.0 = Release|Any CPU
		{C5A663AF-27DD-4080-AD3E-9613219194E0}.Debug|Any CPU.ActiveCfg = Debug|Any CPU
		{C5A663AF-27DD-4080-AD3E-9613219194E0}.Debug|Any CPU.Build.0 = Debug|Any CPU
		{C5A663AF-27DD-4080-AD3E-9613219194E0}.Debug|x64.ActiveCfg = Debug|Any CPU
		{C5A663AF-27DD-4080-AD3E-9613219194E0}.Debug|x64.Build.0 = Debug|Any CPU
		{C5A663AF-27DD-4080-AD3E-9613219194E0}.Debug|x86.ActiveCfg = Debug|Any CPU
		{C5A663AF-27DD-4080-AD3E-9613219194E0}.Debug|x86.Build.0 = Debug|Any CPU
		{C5A663AF-27DD-4080-AD3E-9613219194E0}.Release|Any CPU.ActiveCfg = Release|Any CPU
		{C5A663AF-27DD-4080-AD3E-9613219194E0}.Release|Any CPU.Build.0 = Release|Any CPU
		{C5A663AF-27DD-4080-AD3E-9613219194E0}.Release|x64.ActiveCfg = Release|Any CPU
		{C5A663AF-27DD-4080-AD3E-9613219194E0}.Release|x64.Build.0 = Release|Any CPU
		{C5A663AF-27DD-4080-AD3E-9613219194E0}.Release|x86.ActiveCfg = Release|Any CPU
		{C5A663AF-27DD-4080-AD3E-9613219194E0}.Release|x86.Build.0 = Release|Any CPU
		{7F72DADF-2D79-4FEF-84F1-0C1299DD1D09}.Debug|Any CPU.ActiveCfg = Debug|Any CPU
		{7F72DADF-2D79-4FEF-84F1-0C1299DD1D09}.Debug|Any CPU.Build.0 = Debug|Any CPU
		{7F72DADF-2D79-4FEF-84F1-0C1299DD1D09}.Debug|x64.ActiveCfg = Debug|Any CPU
		{7F72DADF-2D79-4FEF-84F1-0C1299DD1D09}.Debug|x64.Build.0 = Debug|Any CPU
		{7F72DADF-2D79-4FEF-84F1-0C1299DD1D09}.Debug|x86.ActiveCfg = Debug|Any CPU
		{7F72DADF-2D79-4FEF-84F1-0C1299DD1D09}.Debug|x86.Build.0 = Debug|Any CPU
		{7F72DADF-2D79-4FEF-84F1-0C1299DD1D09}.Release|Any CPU.ActiveCfg = Release|Any CPU
		{7F72DADF-2D79-4FEF-84F1-0C1299DD1D09}.Release|Any CPU.Build.0 = Release|Any CPU
		{7F72DADF-2D79-4FEF-84F1-0C1299DD1D09}.Release|x64.ActiveCfg = Release|Any CPU
		{7F72DADF-2D79-4FEF-84F1-0C1299DD1D09}.Release|x64.Build.0 = Release|Any CPU
		{7F72DADF-2D79-4FEF-84F1-0C1299DD1D09}.Release|x86.ActiveCfg = Release|Any CPU
		{7F72DADF-2D79-4FEF-84F1-0C1299DD1D09}.Release|x86.Build.0 = Release|Any CPU
		{10A8E45E-A1FB-4A3C-A0AB-03BE8904DBEC}.Debug|Any CPU.ActiveCfg = Debug|Any CPU
		{10A8E45E-A1FB-4A3C-A0AB-03BE8904DBEC}.Debug|Any CPU.Build.0 = Debug|Any CPU
		{10A8E45E-A1FB-4A3C-A0AB-03BE8904DBEC}.Debug|x64.ActiveCfg = Debug|Any CPU
		{10A8E45E-A1FB-4A3C-A0AB-03BE8904DBEC}.Debug|x64.Build.0 = Debug|Any CPU
		{10A8E45E-A1FB-4A3C-A0AB-03BE8904DBEC}.Debug|x86.ActiveCfg = Debug|Any CPU
		{10A8E45E-A1FB-4A3C-A0AB-03BE8904DBEC}.Debug|x86.Build.0 = Debug|Any CPU
		{10A8E45E-A1FB-4A3C-A0AB-03BE8904DBEC}.Release|Any CPU.ActiveCfg = Release|Any CPU
		{10A8E45E-A1FB-4A3C-A0AB-03BE8904DBEC}.Release|Any CPU.Build.0 = Release|Any CPU
		{10A8E45E-A1FB-4A3C-A0AB-03BE8904DBEC}.Release|x64.ActiveCfg = Release|Any CPU
		{10A8E45E-A1FB-4A3C-A0AB-03BE8904DBEC}.Release|x64.Build.0 = Release|Any CPU
		{10A8E45E-A1FB-4A3C-A0AB-03BE8904DBEC}.Release|x86.ActiveCfg = Release|Any CPU
		{10A8E45E-A1FB-4A3C-A0AB-03BE8904DBEC}.Release|x86.Build.0 = Release|Any CPU
		{05F78AE6-BA92-4C44-8138-4F758B1A4928}.Debug|Any CPU.ActiveCfg = Debug|Any CPU
		{05F78AE6-BA92-4C44-8138-4F758B1A4928}.Debug|Any CPU.Build.0 = Debug|Any CPU
		{05F78AE6-BA92-4C44-8138-4F758B1A4928}.Debug|x64.ActiveCfg = Debug|Any CPU
		{05F78AE6-BA92-4C44-8138-4F758B1A4928}.Debug|x64.Build.0 = Debug|Any CPU
		{05F78AE6-BA92-4C44-8138-4F758B1A4928}.Debug|x86.ActiveCfg = Debug|Any CPU
		{05F78AE6-BA92-4C44-8138-4F758B1A4928}.Debug|x86.Build.0 = Debug|Any CPU
		{05F78AE6-BA92-4C44-8138-4F758B1A4928}.Release|Any CPU.ActiveCfg = Release|Any CPU
		{05F78AE6-BA92-4C44-8138-4F758B1A4928}.Release|Any CPU.Build.0 = Release|Any CPU
		{05F78AE6-BA92-4C44-8138-4F758B1A4928}.Release|x64.ActiveCfg = Release|Any CPU
		{05F78AE6-BA92-4C44-8138-4F758B1A4928}.Release|x64.Build.0 = Release|Any CPU
		{05F78AE6-BA92-4C44-8138-4F758B1A4928}.Release|x86.ActiveCfg = Release|Any CPU
		{05F78AE6-BA92-4C44-8138-4F758B1A4928}.Release|x86.Build.0 = Release|Any CPU
		{1819A1A4-E12F-4791-97E2-C748908C2AE6}.Debug|Any CPU.ActiveCfg = Debug|Any CPU
		{1819A1A4-E12F-4791-97E2-C748908C2AE6}.Debug|Any CPU.Build.0 = Debug|Any CPU
		{1819A1A4-E12F-4791-97E2-C748908C2AE6}.Debug|x64.ActiveCfg = Debug|Any CPU
		{1819A1A4-E12F-4791-97E2-C748908C2AE6}.Debug|x64.Build.0 = Debug|Any CPU
		{1819A1A4-E12F-4791-97E2-C748908C2AE6}.Debug|x86.ActiveCfg = Debug|Any CPU
		{1819A1A4-E12F-4791-97E2-C748908C2AE6}.Debug|x86.Build.0 = Debug|Any CPU
		{1819A1A4-E12F-4791-97E2-C748908C2AE6}.Release|Any CPU.ActiveCfg = Release|Any CPU
		{1819A1A4-E12F-4791-97E2-C748908C2AE6}.Release|Any CPU.Build.0 = Release|Any CPU
		{1819A1A4-E12F-4791-97E2-C748908C2AE6}.Release|x64.ActiveCfg = Release|Any CPU
		{1819A1A4-E12F-4791-97E2-C748908C2AE6}.Release|x64.Build.0 = Release|Any CPU
		{1819A1A4-E12F-4791-97E2-C748908C2AE6}.Release|x86.ActiveCfg = Release|Any CPU
		{1819A1A4-E12F-4791-97E2-C748908C2AE6}.Release|x86.Build.0 = Release|Any CPU
		{08E03F4D-6E4F-49E8-AE37-F042671822D8}.Debug|Any CPU.ActiveCfg = Debug|Any CPU
		{08E03F4D-6E4F-49E8-AE37-F042671822D8}.Debug|Any CPU.Build.0 = Debug|Any CPU
		{08E03F4D-6E4F-49E8-AE37-F042671822D8}.Debug|x64.ActiveCfg = Debug|Any CPU
		{08E03F4D-6E4F-49E8-AE37-F042671822D8}.Debug|x64.Build.0 = Debug|Any CPU
		{08E03F4D-6E4F-49E8-AE37-F042671822D8}.Debug|x86.ActiveCfg = Debug|Any CPU
		{08E03F4D-6E4F-49E8-AE37-F042671822D8}.Debug|x86.Build.0 = Debug|Any CPU
		{08E03F4D-6E4F-49E8-AE37-F042671822D8}.Release|Any CPU.ActiveCfg = Release|Any CPU
		{08E03F4D-6E4F-49E8-AE37-F042671822D8}.Release|Any CPU.Build.0 = Release|Any CPU
		{08E03F4D-6E4F-49E8-AE37-F042671822D8}.Release|x64.ActiveCfg = Release|Any CPU
		{08E03F4D-6E4F-49E8-AE37-F042671822D8}.Release|x64.Build.0 = Release|Any CPU
		{08E03F4D-6E4F-49E8-AE37-F042671822D8}.Release|x86.ActiveCfg = Release|Any CPU
		{08E03F4D-6E4F-49E8-AE37-F042671822D8}.Release|x86.Build.0 = Release|Any CPU
		{4A67166A-546C-4A7B-8C42-16094D69B49A}.Debug|Any CPU.ActiveCfg = Debug|Any CPU
		{4A67166A-546C-4A7B-8C42-16094D69B49A}.Debug|Any CPU.Build.0 = Debug|Any CPU
		{4A67166A-546C-4A7B-8C42-16094D69B49A}.Debug|x64.ActiveCfg = Debug|Any CPU
		{4A67166A-546C-4A7B-8C42-16094D69B49A}.Debug|x64.Build.0 = Debug|Any CPU
		{4A67166A-546C-4A7B-8C42-16094D69B49A}.Debug|x86.ActiveCfg = Debug|Any CPU
		{4A67166A-546C-4A7B-8C42-16094D69B49A}.Debug|x86.Build.0 = Debug|Any CPU
		{4A67166A-546C-4A7B-8C42-16094D69B49A}.Release|Any CPU.ActiveCfg = Release|Any CPU
		{4A67166A-546C-4A7B-8C42-16094D69B49A}.Release|Any CPU.Build.0 = Release|Any CPU
		{4A67166A-546C-4A7B-8C42-16094D69B49A}.Release|x64.ActiveCfg = Release|Any CPU
		{4A67166A-546C-4A7B-8C42-16094D69B49A}.Release|x64.Build.0 = Release|Any CPU
		{4A67166A-546C-4A7B-8C42-16094D69B49A}.Release|x86.ActiveCfg = Release|Any CPU
		{4A67166A-546C-4A7B-8C42-16094D69B49A}.Release|x86.Build.0 = Release|Any CPU
		{EDB7FB92-50D1-4A5D-B339-5CB41502B52C}.Debug|Any CPU.ActiveCfg = Debug|Any CPU
		{EDB7FB92-50D1-4A5D-B339-5CB41502B52C}.Debug|Any CPU.Build.0 = Debug|Any CPU
		{EDB7FB92-50D1-4A5D-B339-5CB41502B52C}.Debug|x64.ActiveCfg = Debug|Any CPU
		{EDB7FB92-50D1-4A5D-B339-5CB41502B52C}.Debug|x64.Build.0 = Debug|Any CPU
		{EDB7FB92-50D1-4A5D-B339-5CB41502B52C}.Debug|x86.ActiveCfg = Debug|Any CPU
		{EDB7FB92-50D1-4A5D-B339-5CB41502B52C}.Debug|x86.Build.0 = Debug|Any CPU
		{EDB7FB92-50D1-4A5D-B339-5CB41502B52C}.Release|Any CPU.ActiveCfg = Release|Any CPU
		{EDB7FB92-50D1-4A5D-B339-5CB41502B52C}.Release|Any CPU.Build.0 = Release|Any CPU
		{EDB7FB92-50D1-4A5D-B339-5CB41502B52C}.Release|x64.ActiveCfg = Release|Any CPU
		{EDB7FB92-50D1-4A5D-B339-5CB41502B52C}.Release|x64.Build.0 = Release|Any CPU
		{EDB7FB92-50D1-4A5D-B339-5CB41502B52C}.Release|x86.ActiveCfg = Release|Any CPU
		{EDB7FB92-50D1-4A5D-B339-5CB41502B52C}.Release|x86.Build.0 = Release|Any CPU
		{A5C25619-7763-49D7-A699-7DF49CCCF8EF}.Debug|Any CPU.ActiveCfg = Debug|Any CPU
		{A5C25619-7763-49D7-A699-7DF49CCCF8EF}.Debug|Any CPU.Build.0 = Debug|Any CPU
		{A5C25619-7763-49D7-A699-7DF49CCCF8EF}.Debug|x64.ActiveCfg = Debug|Any CPU
		{A5C25619-7763-49D7-A699-7DF49CCCF8EF}.Debug|x64.Build.0 = Debug|Any CPU
		{A5C25619-7763-49D7-A699-7DF49CCCF8EF}.Debug|x86.ActiveCfg = Debug|Any CPU
		{A5C25619-7763-49D7-A699-7DF49CCCF8EF}.Debug|x86.Build.0 = Debug|Any CPU
		{A5C25619-7763-49D7-A699-7DF49CCCF8EF}.Release|Any CPU.ActiveCfg = Release|Any CPU
		{A5C25619-7763-49D7-A699-7DF49CCCF8EF}.Release|Any CPU.Build.0 = Release|Any CPU
		{A5C25619-7763-49D7-A699-7DF49CCCF8EF}.Release|x64.ActiveCfg = Release|Any CPU
		{A5C25619-7763-49D7-A699-7DF49CCCF8EF}.Release|x64.Build.0 = Release|Any CPU
		{A5C25619-7763-49D7-A699-7DF49CCCF8EF}.Release|x86.ActiveCfg = Release|Any CPU
		{A5C25619-7763-49D7-A699-7DF49CCCF8EF}.Release|x86.Build.0 = Release|Any CPU
		{B7E05147-398E-4E7D-AE57-CE6E9F4187F6}.Debug|Any CPU.ActiveCfg = Debug|Any CPU
		{B7E05147-398E-4E7D-AE57-CE6E9F4187F6}.Debug|Any CPU.Build.0 = Debug|Any CPU
		{B7E05147-398E-4E7D-AE57-CE6E9F4187F6}.Debug|x64.ActiveCfg = Debug|Any CPU
		{B7E05147-398E-4E7D-AE57-CE6E9F4187F6}.Debug|x64.Build.0 = Debug|Any CPU
		{B7E05147-398E-4E7D-AE57-CE6E9F4187F6}.Debug|x86.ActiveCfg = Debug|Any CPU
		{B7E05147-398E-4E7D-AE57-CE6E9F4187F6}.Debug|x86.Build.0 = Debug|Any CPU
		{B7E05147-398E-4E7D-AE57-CE6E9F4187F6}.Release|Any CPU.ActiveCfg = Release|Any CPU
		{B7E05147-398E-4E7D-AE57-CE6E9F4187F6}.Release|Any CPU.Build.0 = Release|Any CPU
		{B7E05147-398E-4E7D-AE57-CE6E9F4187F6}.Release|x64.ActiveCfg = Release|Any CPU
		{B7E05147-398E-4E7D-AE57-CE6E9F4187F6}.Release|x64.Build.0 = Release|Any CPU
		{B7E05147-398E-4E7D-AE57-CE6E9F4187F6}.Release|x86.ActiveCfg = Release|Any CPU
		{B7E05147-398E-4E7D-AE57-CE6E9F4187F6}.Release|x86.Build.0 = Release|Any CPU
		{A34F2284-4DFA-43BA-A2EC-0CF4C188DC7B}.Debug|Any CPU.ActiveCfg = Debug|Any CPU
		{A34F2284-4DFA-43BA-A2EC-0CF4C188DC7B}.Debug|Any CPU.Build.0 = Debug|Any CPU
		{A34F2284-4DFA-43BA-A2EC-0CF4C188DC7B}.Debug|x64.ActiveCfg = Debug|Any CPU
		{A34F2284-4DFA-43BA-A2EC-0CF4C188DC7B}.Debug|x64.Build.0 = Debug|Any CPU
		{A34F2284-4DFA-43BA-A2EC-0CF4C188DC7B}.Debug|x86.ActiveCfg = Debug|Any CPU
		{A34F2284-4DFA-43BA-A2EC-0CF4C188DC7B}.Debug|x86.Build.0 = Debug|Any CPU
		{A34F2284-4DFA-43BA-A2EC-0CF4C188DC7B}.Release|Any CPU.ActiveCfg = Release|Any CPU
		{A34F2284-4DFA-43BA-A2EC-0CF4C188DC7B}.Release|Any CPU.Build.0 = Release|Any CPU
		{A34F2284-4DFA-43BA-A2EC-0CF4C188DC7B}.Release|x64.ActiveCfg = Release|Any CPU
		{A34F2284-4DFA-43BA-A2EC-0CF4C188DC7B}.Release|x64.Build.0 = Release|Any CPU
		{A34F2284-4DFA-43BA-A2EC-0CF4C188DC7B}.Release|x86.ActiveCfg = Release|Any CPU
		{A34F2284-4DFA-43BA-A2EC-0CF4C188DC7B}.Release|x86.Build.0 = Release|Any CPU
		{F427826F-7DC7-470B-BD4B-1A9EB18B0B87}.Debug|Any CPU.ActiveCfg = Debug|Any CPU
		{F427826F-7DC7-470B-BD4B-1A9EB18B0B87}.Debug|Any CPU.Build.0 = Debug|Any CPU
		{F427826F-7DC7-470B-BD4B-1A9EB18B0B87}.Debug|x64.ActiveCfg = Debug|Any CPU
		{F427826F-7DC7-470B-BD4B-1A9EB18B0B87}.Debug|x64.Build.0 = Debug|Any CPU
		{F427826F-7DC7-470B-BD4B-1A9EB18B0B87}.Debug|x86.ActiveCfg = Debug|Any CPU
		{F427826F-7DC7-470B-BD4B-1A9EB18B0B87}.Debug|x86.Build.0 = Debug|Any CPU
		{F427826F-7DC7-470B-BD4B-1A9EB18B0B87}.Release|Any CPU.ActiveCfg = Release|Any CPU
		{F427826F-7DC7-470B-BD4B-1A9EB18B0B87}.Release|Any CPU.Build.0 = Release|Any CPU
		{F427826F-7DC7-470B-BD4B-1A9EB18B0B87}.Release|x64.ActiveCfg = Release|Any CPU
		{F427826F-7DC7-470B-BD4B-1A9EB18B0B87}.Release|x64.Build.0 = Release|Any CPU
		{F427826F-7DC7-470B-BD4B-1A9EB18B0B87}.Release|x86.ActiveCfg = Release|Any CPU
		{F427826F-7DC7-470B-BD4B-1A9EB18B0B87}.Release|x86.Build.0 = Release|Any CPU
		{01133496-6166-4BF5-95D8-48790C7F0812}.Debug|Any CPU.ActiveCfg = Debug|Any CPU
		{01133496-6166-4BF5-95D8-48790C7F0812}.Debug|Any CPU.Build.0 = Debug|Any CPU
		{01133496-6166-4BF5-95D8-48790C7F0812}.Debug|x64.ActiveCfg = Debug|Any CPU
		{01133496-6166-4BF5-95D8-48790C7F0812}.Debug|x64.Build.0 = Debug|Any CPU
		{01133496-6166-4BF5-95D8-48790C7F0812}.Debug|x86.ActiveCfg = Debug|Any CPU
		{01133496-6166-4BF5-95D8-48790C7F0812}.Debug|x86.Build.0 = Debug|Any CPU
		{01133496-6166-4BF5-95D8-48790C7F0812}.Release|Any CPU.ActiveCfg = Release|Any CPU
		{01133496-6166-4BF5-95D8-48790C7F0812}.Release|Any CPU.Build.0 = Release|Any CPU
		{01133496-6166-4BF5-95D8-48790C7F0812}.Release|x64.ActiveCfg = Release|Any CPU
		{01133496-6166-4BF5-95D8-48790C7F0812}.Release|x64.Build.0 = Release|Any CPU
		{01133496-6166-4BF5-95D8-48790C7F0812}.Release|x86.ActiveCfg = Release|Any CPU
		{01133496-6166-4BF5-95D8-48790C7F0812}.Release|x86.Build.0 = Release|Any CPU
		{ADC1642C-A3C9-46FE-B0CD-9325A50BA9EB}.Debug|Any CPU.ActiveCfg = Debug|Any CPU
		{ADC1642C-A3C9-46FE-B0CD-9325A50BA9EB}.Debug|Any CPU.Build.0 = Debug|Any CPU
		{ADC1642C-A3C9-46FE-B0CD-9325A50BA9EB}.Debug|x64.ActiveCfg = Debug|Any CPU
		{ADC1642C-A3C9-46FE-B0CD-9325A50BA9EB}.Debug|x64.Build.0 = Debug|Any CPU
		{ADC1642C-A3C9-46FE-B0CD-9325A50BA9EB}.Debug|x86.ActiveCfg = Debug|Any CPU
		{ADC1642C-A3C9-46FE-B0CD-9325A50BA9EB}.Debug|x86.Build.0 = Debug|Any CPU
		{ADC1642C-A3C9-46FE-B0CD-9325A50BA9EB}.Release|Any CPU.ActiveCfg = Release|Any CPU
		{ADC1642C-A3C9-46FE-B0CD-9325A50BA9EB}.Release|Any CPU.Build.0 = Release|Any CPU
		{ADC1642C-A3C9-46FE-B0CD-9325A50BA9EB}.Release|x64.ActiveCfg = Release|Any CPU
		{ADC1642C-A3C9-46FE-B0CD-9325A50BA9EB}.Release|x64.Build.0 = Release|Any CPU
		{ADC1642C-A3C9-46FE-B0CD-9325A50BA9EB}.Release|x86.ActiveCfg = Release|Any CPU
		{ADC1642C-A3C9-46FE-B0CD-9325A50BA9EB}.Release|x86.Build.0 = Release|Any CPU
		{2034F72C-E6A0-4BE9-8301-8273CA713248}.Debug|Any CPU.ActiveCfg = Debug|Any CPU
		{2034F72C-E6A0-4BE9-8301-8273CA713248}.Debug|Any CPU.Build.0 = Debug|Any CPU
		{2034F72C-E6A0-4BE9-8301-8273CA713248}.Debug|x64.ActiveCfg = Debug|Any CPU
		{2034F72C-E6A0-4BE9-8301-8273CA713248}.Debug|x64.Build.0 = Debug|Any CPU
		{2034F72C-E6A0-4BE9-8301-8273CA713248}.Debug|x86.ActiveCfg = Debug|Any CPU
		{2034F72C-E6A0-4BE9-8301-8273CA713248}.Debug|x86.Build.0 = Debug|Any CPU
		{2034F72C-E6A0-4BE9-8301-8273CA713248}.Release|Any CPU.ActiveCfg = Release|Any CPU
		{2034F72C-E6A0-4BE9-8301-8273CA713248}.Release|Any CPU.Build.0 = Release|Any CPU
		{2034F72C-E6A0-4BE9-8301-8273CA713248}.Release|x64.ActiveCfg = Release|Any CPU
		{2034F72C-E6A0-4BE9-8301-8273CA713248}.Release|x64.Build.0 = Release|Any CPU
		{2034F72C-E6A0-4BE9-8301-8273CA713248}.Release|x86.ActiveCfg = Release|Any CPU
		{2034F72C-E6A0-4BE9-8301-8273CA713248}.Release|x86.Build.0 = Release|Any CPU
	EndGlobalSection
	GlobalSection(SolutionProperties) = preSolution
		HideSolutionNode = FALSE
	EndGlobalSection
EndGlobal
